{
	"requires": true,
	"lockfileVersion": 1,
	"dependencies": {
		"ascli": {
			"version": "0.3.0",
			"resolved": "https://registry.npmjs.org/ascli/-/ascli-0.3.0.tgz",
			"integrity": "sha1-XmYjDlIZ/j6JUqTvtPIPrllqgTo=",
			"requires": {
				"colour": "^0.7.1",
				"optjs": "^3.2.2"
			}
		},
		"bufferview": {
			"version": "1.0.1",
			"resolved": "https://registry.npmjs.org/bufferview/-/bufferview-1.0.1.tgz",
			"integrity": "sha1-ev10pF+Tf6QiodM4wIu/3HbNcl0="
		},
		"bytebuffer": {
			"version": "3.5.5",
			"resolved": "https://registry.npmjs.org/bytebuffer/-/bytebuffer-3.5.5.tgz",
			"integrity": "sha1-em+vGhNRSwg/H8+VQcTJv75+f9M=",
			"requires": {
				"bufferview": "~1",
				"long": "~2 >=2.2.3"
			}
		},
		"castv2": {
			"version": "0.1.9",
			"resolved": "https://registry.npmjs.org/castv2/-/castv2-0.1.9.tgz",
			"integrity": "sha1-0LD6sf0GsNnMpjaIZxbsEpOlkFo=",
			"requires": {
				"debug": "^2.2.0",
				"protobufjs": "^3.2.2"
			}
		},
		"colour": {
			"version": "0.7.1",
			"resolved": "https://registry.npmjs.org/colour/-/colour-0.7.1.tgz",
			"integrity": "sha1-nLFpkX7F0SwHNtPoaFdG3xyt93g="
		},
		"debug": {
			"version": "2.6.9",
			"resolved": "https://registry.npmjs.org/debug/-/debug-2.6.9.tgz",
			"integrity": "sha512-bC7ElrdJaJnPbAP+1EotYvqZsb3ecl5wi6Bfi6BJTUcNowp6cvspg0jXznRTKDjm/E7AdgFBVeAPVMNcKGsHMA==",
			"requires": {
				"ms": "2.0.0"
			}
		},
		"dns-js": {
			"version": "0.2.1",
			"resolved": "https://registry.npmjs.org/dns-js/-/dns-js-0.2.1.tgz",
			"integrity": "sha1-XWZimzwOal6w4U8K5wHQX26kZnM=",
			"requires": {
				"debug": "^2.1.0",
				"qap": "^3.1.2"
			}
		},
		"long": {
			"version": "2.4.0",
			"resolved": "https://registry.npmjs.org/long/-/long-2.4.0.tgz",
			"integrity": "sha1-n6GAux2VAM3CnEFWdmoZleH0Uk8="
		},
		"mdns-js": {
			"version": "1.0.1",
			"resolved": "https://registry.npmjs.org/mdns-js/-/mdns-js-1.0.1.tgz",
			"integrity": "sha512-dwEtMzmoZCQcGlr004J4m2+W6dCMpCoGQ5kYIEY+7rMPdMM7ztT+1qD9ExmottvLGgbqAVsjllhwU8PyusecPg==",
			"requires": {
				"debug": "^3.1.0",
				"dns-js": "~0.2.1",
				"semver": "^5.4.1"
			},
			"dependencies": {
				"debug": {
					"version": "3.1.0",
					"resolved": "https://registry.npmjs.org/debug/-/debug-3.1.0.tgz",
					"integrity": "sha512-OX8XqP7/1a9cqkxYw2yXss15f26NKWBpDXQd0/uK/KPqdQhxbPa994hnzjcE2VqQpDslf55723cKPUOGSmMY3g==",
					"requires": {
						"ms": "2.0.0"
					}
				}
			}
		},
		"ms": {
			"version": "2.0.0",
			"resolved": "https://registry.npmjs.org/ms/-/ms-2.0.0.tgz",
			"integrity": "sha1-VgiurfwAvmwpAd9fmGF4jeDVl8g="
		},
		"optjs": {
			"version": "3.2.2",
			"resolved": "https://registry.npmjs.org/optjs/-/optjs-3.2.2.tgz",
			"integrity": "sha1-aabOicRCpEQDFBrS+bNwvVu29O4="
		},
		"protobufjs": {
			"version": "3.8.2",
			"resolved": "https://registry.npmjs.org/protobufjs/-/protobufjs-3.8.2.tgz",
			"integrity": "sha1-vIJuNMOvRpfo0K96Zp5NYSrtzRc=",
			"requires": {
				"ascli": "~0.3",
				"bytebuffer": "~3 >=3.5"
			}
		},
		"qap": {
			"version": "3.3.1",
			"resolved": "https://registry.npmjs.org/qap/-/qap-3.3.1.tgz",
			"integrity": "sha1-Efno+oiQ/ny5khDA9E0GE7c3LKw="
		},
		"semver": {
			"version": "5.5.0",
			"resolved": "https://registry.npmjs.org/semver/-/semver-5.5.0.tgz",
			"integrity": "sha512-4SJ3dm0WAwWy/NVeioZh5AntkdJoWKxHxcmyP622fOkgHa4z3R0TdBJICINyaSDE6uNwVc8gZr+ZinwZAH4xIA=="
		}
	}
}
